
Microsoft Visual Studio Solution File, Format Version 12.00
# Visual Studio 15
VisualStudioVersion = 15.0.26730.15
MinimumVisualStudioVersion = 10.0.40219.1
Project("{FAE04EC0-301F-11D3-BF4B-00C04F79EFBC}") = "sieged", "sieged.csproj", "{DCA07394-F87C-5560-D7DA-E6C6CEBB86E9}"
EndProject
Project("{FAE04EC0-301F-11D3-BF4B-00C04F79EFBC}") = "sieged.Editor", "sieged.Editor.csproj", "{29C76CEE-1221-8591-FB75-D434272C6C76}"
EndProject
Global
	GlobalSection(SolutionConfigurationPlatforms) = preSolution
		Debug|Any CPU = Debug|Any CPU
		Release|Any CPU = Release|Any CPU
	EndGlobalSection
	GlobalSection(ProjectConfigurationPlatforms) = postSolution
		{DCA07394-F87C-5560-D7DA-E6C6CEBB86E9}.Debug|Any CPU.ActiveCfg = Debug|Any CPU
		{DCA07394-F87C-5560-D7DA-E6C6CEBB86E9}.Debug|Any CPU.Build.0 = Debug|Any CPU
		{DCA07394-F87C-5560-D7DA-E6C6CEBB86E9}.Release|Any CPU.ActiveCfg = Release|Any CPU
		{DCA07394-F87C-5560-D7DA-E6C6CEBB86E9}.Release|Any CPU.Build.0 = Release|Any CPU
		{29C76CEE-1221-8591-FB75-D434272C6C76}.Debug|Any CPU.ActiveCfg = Debug|Any CPU
		{29C76CEE-1221-8591-FB75-D434272C6C76}.Debug|Any CPU.Build.0 = Debug|Any CPU
		{29C76CEE-1221-8591-FB75-D434272C6C76}.Release|Any CPU.ActiveCfg = Release|Any CPU
		{29C76CEE-1221-8591-FB75-D434272C6C76}.Release|Any CPU.Build.0 = Release|Any CPU
	EndGlobalSection
	GlobalSection(SolutionProperties) = preSolution
		HideSolutionNode = FALSE
	EndGlobalSection
	GlobalSection(ExtensibilityGlobals) = postSolution
		SolutionGuid = {00B2B2B9-3B77-4E76-8282-36BD93174453}
	EndGlobalSection
EndGlobal
